
Microsoft Visual Studio Solution File, Format Version 12.00
# Visual Studio Version 17
VisualStudioVersion = 17.0.31903.59
MinimumVisualStudioVersion = 10.0.40219.1
Project("{FAE04EC0-301F-11D3-BF4B-00C04F79EFBC}") = "WebApplication1", "WebApplication1\WebApplication1.csproj", "{D3327531-A4BA-4D5B-B13A-B7FFD04A6C2A}"
EndProject
Project("{FAE04EC0-301F-11D3-BF4B-00C04F79EFBC}") = "MyApi.Tests", "MyApi.Tests\MyApi.Tests.csproj", "{DD76D585-2B79-4CBE-95B9-4B1A0B3D674F}"
EndProject
Global
	GlobalSection(SolutionConfigurationPlatforms) = preSolution
		Debug|Any CPU = Debug|Any CPU
		Debug|x64 = Debug|x64
		Debug|x86 = Debug|x86
		Release|Any CPU = Release|Any CPU
		Release|x64 = Release|x64
		Release|x86 = Release|x86
	EndGlobalSection
	GlobalSection(ProjectConfigurationPlatforms) = postSolution
		{D3327531-A4BA-4D5B-B13A-B7FFD04A6C2A}.Debug|Any CPU.ActiveCfg = Debug|Any CPU
		{D3327531-A4BA-4D5B-B13A-B7FFD04A6C2A}.Debug|Any CPU.Build.0 = Debug|Any CPU
		{D3327531-A4BA-4D5B-B13A-B7FFD04A6C2A}.Debug|x64.ActiveCfg = Debug|Any CPU
		{D3327531-A4BA-4D5B-B13A-B7FFD04A6C2A}.Debug|x64.Build.0 = Debug|Any CPU
		{D3327531-A4BA-4D5B-B13A-B7FFD04A6C2A}.Debug|x86.ActiveCfg = Debug|Any CPU
		{D3327531-A4BA-4D5B-B13A-B7FFD04A6C2A}.Debug|x86.Build.0 = Debug|Any CPU
		{D3327531-A4BA-4D5B-B13A-B7FFD04A6C2A}.Release|Any CPU.ActiveCfg = Release|Any CPU
		{D3327531-A4BA-4D5B-B13A-B7FFD04A6C2A}.Release|Any CPU.Build.0 = Release|Any CPU
		{D3327531-A4BA-4D5B-B13A-B7FFD04A6C2A}.Release|x64.ActiveCfg = Release|Any CPU
		{D3327531-A4BA-4D5B-B13A-B7FFD04A6C2A}.Release|x64.Build.0 = Release|Any CPU
		{D3327531-A4BA-4D5B-B13A-B7FFD04A6C2A}.Release|x86.ActiveCfg = Release|Any CPU
		{D3327531-A4BA-4D5B-B13A-B7FFD04A6C2A}.Release|x86.Build.0 = Release|Any CPU
		{DD76D585-2B79-4CBE-95B9-4B1A0B3D674F}.Debug|Any CPU.ActiveCfg = Debug|Any CPU
		{DD76D585-2B79-4CBE-95B9-4B1A0B3D674F}.Debug|Any CPU.Build.0 = Debug|Any CPU
		{DD76D585-2B79-4CBE-95B9-4B1A0B3D674F}.Debug|x64.ActiveCfg = Debug|Any CPU
		{DD76D585-2B79-4CBE-95B9-4B1A0B3D674F}.Debug|x64.Build.0 = Debug|Any CPU
		{DD76D585-2B79-4CBE-95B9-4B1A0B3D674F}.Debug|x86.ActiveCfg = Debug|Any CPU
		{DD76D585-2B79-4CBE-95B9-4B1A0B3D674F}.Debug|x86.Build.0 = Debug|Any CPU
		{DD76D585-2B79-4CBE-95B9-4B1A0B3D674F}.Release|Any CPU.ActiveCfg = Release|Any CPU
		{DD76D585-2B79-4CBE-95B9-4B1A0B3D674F}.Release|Any CPU.Build.0 = Release|Any CPU
		{DD76D585-2B79-4CBE-95B9-4B1A0B3D674F}.Release|x64.ActiveCfg = Release|Any CPU
		{DD76D585-2B79-4CBE-95B9-4B1A0B3D674F}.Release|x64.Build.0 = Release|Any CPU
		{DD76D585-2B79-4CBE-95B9-4B1A0B3D674F}.Release|x86.ActiveCfg = Release|Any CPU
		{DD76D585-2B79-4CBE-95B9-4B1A0B3D674F}.Release|x86.Build.0 = Release|Any CPU
	EndGlobalSection
	GlobalSection(SolutionProperties) = preSolution
		HideSolutionNode = FALSE
	EndGlobalSection
EndGlobal
